{
  "name": "cinemasf",
  "version": "1.0.0",
  "lockfileVersion": 2,
  "requires": true,
  "packages": {
    "": {
      "name": "cinemasf",
      "version": "1.0.0",
      "license": "ISC",
      "devDependencies": {
        "@types/node-sass": "^4.11.3"
      }
    },
    "node_modules/@types/node": {
      "version": "18.11.9",
      "resolved": "https://registry.npmjs.org/@types/node/-/node-18.11.9.tgz",
      "integrity": "sha512-CRpX21/kGdzjOpFsZSkcrXMGIBWMGNIHXXBVFSH+ggkftxg+XYP20TESbh+zFvFj3EQOl5byk0HTRn1IL6hbqg==",
      "dev": true
    },
    "node_modules/@types/node-sass": {
      "version": "4.11.3",
      "resolved": "https://registry.npmjs.org/@types/node-sass/-/node-sass-4.11.3.tgz",
      "integrity": "sha512-wXPCn3t9uu5rR4zXNSLasZHQMuRzUKBsdi4MsgT8uq4Lp1gQQo+T2G23tGj4SSgDHeNBle6vGseZtM2XV/X9bw==",
      "dev": true,
      "dependencies": {
        "@types/node": "*"
      }
    }
  },
  "dependencies": {
    "@types/node": {
      "version": "18.11.9",
      "resolved": "https://registry.npmjs.org/@types/node/-/node-18.11.9.tgz",
      "integrity": "sha512-CRpX21/kGdzjOpFsZSkcrXMGIBWMGNIHXXBVFSH+ggkftxg+XYP20TESbh+zFvFj3EQOl5byk0HTRn1IL6hbqg==",
      "dev": true
    },
    "@types/node-sass": {
      "version": "4.11.3",
      "resolved": "https://registry.npmjs.org/@types/node-sass/-/node-sass-4.11.3.tgz",
      "integrity": "sha512-wXPCn3t9uu5rR4zXNSLasZHQMuRzUKBsdi4MsgT8uq4Lp1gQQo+T2G23tGj4SSgDHeNBle6vGseZtM2XV/X9bw==",
      "dev": true,
      "requires": {
        "@types/node": "*"
      }
    }
  }
}
